
Microsoft Visual Studio Solution File, Format Version 12.00
# Visual Studio Version 16
VisualStudioVersion = 16.0.29123.88
MinimumVisualStudioVersion = 10.0.40219.1
Project("{FAE04EC0-301F-11D3-BF4B-00C04F79EFBC}") = "EntityFrameworkCore_consoleApp", "EntityFrameworkCore_consoleApp\EntityFrameworkCore_consoleApp.csproj", "{0C5E5E9E-7D59-4B94-B283-249C8354B51E}"
EndProject
Global
	GlobalSection(SolutionConfigurationPlatforms) = preSolution
		Debug|Any CPU = Debug|Any CPU
		Release|Any CPU = Release|Any CPU
	EndGlobalSection
	GlobalSection(ProjectConfigurationPlatforms) = postSolution
		{0C5E5E9E-7D59-4B94-B283-249C8354B51E}.Debug|Any CPU.ActiveCfg = Debug|Any CPU
		{0C5E5E9E-7D59-4B94-B283-249C8354B51E}.Debug|Any CPU.Build.0 = Debug|Any CPU
		{0C5E5E9E-7D59-4B94-B283-249C8354B51E}.Release|Any CPU.ActiveCfg = Release|Any CPU
		{0C5E5E9E-7D59-4B94-B283-249C8354B51E}.Release|Any CPU.Build.0 = Release|Any CPU
	EndGlobalSection
	GlobalSection(SolutionProperties) = preSolution
		HideSolutionNode = FALSE
	EndGlobalSection
	GlobalSection(ExtensibilityGlobals) = postSolution
		SolutionGuid = {38814BD1-423A-4A9B-B80D-24AA2CEDC246}
	EndGlobalSection
EndGlobal
